
Microsoft Visual Studio Solution File, Format Version 12.00
# Visual Studio Version 17
VisualStudioVersion = 17.5.33530.505
MinimumVisualStudioVersion = 10.0.40219.1
Project("{FAE04EC0-301F-11D3-BF4B-00C04F79EFBC}") = "CTW_FIA", "CTW_FIA\CTW_FIA.csproj", "{92A61BF5-D05A-4A04-8925-33C1811F2692}"
EndProject
Global
	GlobalSection(SolutionConfigurationPlatforms) = preSolution
		Debug|Any CPU = Debug|Any CPU
		Release|Any CPU = Release|Any CPU
	EndGlobalSection
	GlobalSection(ProjectConfigurationPlatforms) = postSolution
		{92A61BF5-D05A-4A04-8925-33C1811F2692}.Debug|Any CPU.ActiveCfg = Debug|Any CPU
		{92A61BF5-D05A-4A04-8925-33C1811F2692}.Debug|Any CPU.Build.0 = Debug|Any CPU
		{92A61BF5-D05A-4A04-8925-33C1811F2692}.Release|Any CPU.ActiveCfg = Release|Any CPU
		{92A61BF5-D05A-4A04-8925-33C1811F2692}.Release|Any CPU.Build.0 = Release|Any CPU
	EndGlobalSection
	GlobalSection(SolutionProperties) = preSolution
		HideSolutionNode = FALSE
	EndGlobalSection
	GlobalSection(ExtensibilityGlobals) = postSolution
		SolutionGuid = {C71F4351-E65C-45E2-8959-F38956F9E356}
	EndGlobalSection
EndGlobal
